
Microsoft Visual Studio Solution File, Format Version 12.00
# Visual Studio Version 17
VisualStudioVersion = 17.4.33020.496
MinimumVisualStudioVersion = 10.0.40219.1
Project("{9A19103F-16F7-4668-BE54-9A1E7A4F7556}") = "MainProgram", "MainProgram\MainProgram.csproj", "{26E7E784-98F2-4A86-A0F2-D66DCECE9859}"
EndProject
Project("{2150E333-8FDC-42A3-9474-1A3956D46DE8}") = "Plugins", "Plugins", "{F7DA29CD-2EB1-4B17-A524-BAEF88ACACF0}"
EndProject
Project("{FAE04EC0-301F-11D3-BF4B-00C04F79EFBC}") = "PluginInterfaces", "PluginInterfaces\PluginInterfaces.csproj", "{9DF1CFFF-0A44-413E-A942-9DBE858F0031}"
EndProject
Project("{FAE04EC0-301F-11D3-BF4B-00C04F79EFBC}") = "DoubleManipulationsPlugin", "Plugins\DoubleManipulationsPlugin\DoubleManipulationsPlugin.csproj", "{2EF9C280-D7C6-4B6D-9F9D-60B57385C03F}"
EndProject
Project("{FAE04EC0-301F-11D3-BF4B-00C04F79EFBC}") = "StringManipulationsPlugin", "StringManipulationsPlugin\StringManipulationsPlugin.csproj", "{1EB4B88F-2999-4D53-AEED-5AB0497F42BA}"
EndProject
Global
	GlobalSection(SolutionConfigurationPlatforms) = preSolution
		Debug|Any CPU = Debug|Any CPU
		Release|Any CPU = Release|Any CPU
	EndGlobalSection
	GlobalSection(ProjectConfigurationPlatforms) = postSolution
		{26E7E784-98F2-4A86-A0F2-D66DCECE9859}.Debug|Any CPU.ActiveCfg = Debug|Any CPU
		{26E7E784-98F2-4A86-A0F2-D66DCECE9859}.Debug|Any CPU.Build.0 = Debug|Any CPU
		{26E7E784-98F2-4A86-A0F2-D66DCECE9859}.Release|Any CPU.ActiveCfg = Release|Any CPU
		{26E7E784-98F2-4A86-A0F2-D66DCECE9859}.Release|Any CPU.Build.0 = Release|Any CPU
		{9DF1CFFF-0A44-413E-A942-9DBE858F0031}.Debug|Any CPU.ActiveCfg = Debug|Any CPU
		{9DF1CFFF-0A44-413E-A942-9DBE858F0031}.Debug|Any CPU.Build.0 = Debug|Any CPU
		{9DF1CFFF-0A44-413E-A942-9DBE858F0031}.Release|Any CPU.ActiveCfg = Release|Any CPU
		{9DF1CFFF-0A44-413E-A942-9DBE858F0031}.Release|Any CPU.Build.0 = Release|Any CPU
		{2EF9C280-D7C6-4B6D-9F9D-60B57385C03F}.Debug|Any CPU.ActiveCfg = Debug|Any CPU
		{2EF9C280-D7C6-4B6D-9F9D-60B57385C03F}.Debug|Any CPU.Build.0 = Debug|Any CPU
		{2EF9C280-D7C6-4B6D-9F9D-60B57385C03F}.Release|Any CPU.ActiveCfg = Release|Any CPU
		{2EF9C280-D7C6-4B6D-9F9D-60B57385C03F}.Release|Any CPU.Build.0 = Release|Any CPU
		{1EB4B88F-2999-4D53-AEED-5AB0497F42BA}.Debug|Any CPU.ActiveCfg = Debug|Any CPU
		{1EB4B88F-2999-4D53-AEED-5AB0497F42BA}.Debug|Any CPU.Build.0 = Debug|Any CPU
		{1EB4B88F-2999-4D53-AEED-5AB0497F42BA}.Release|Any CPU.ActiveCfg = Release|Any CPU
		{1EB4B88F-2999-4D53-AEED-5AB0497F42BA}.Release|Any CPU.Build.0 = Release|Any CPU
	EndGlobalSection
	GlobalSection(SolutionProperties) = preSolution
		HideSolutionNode = FALSE
	EndGlobalSection
	GlobalSection(NestedProjects) = preSolution
		{2EF9C280-D7C6-4B6D-9F9D-60B57385C03F} = {F7DA29CD-2EB1-4B17-A524-BAEF88ACACF0}
		{1EB4B88F-2999-4D53-AEED-5AB0497F42BA} = {F7DA29CD-2EB1-4B17-A524-BAEF88ACACF0}
	EndGlobalSection
	GlobalSection(ExtensibilityGlobals) = postSolution
		SolutionGuid = {75FD8E4C-3BAE-4E5D-A60D-5D656DA32EE5}
	EndGlobalSection
EndGlobal
