
Microsoft Visual Studio Solution File, Format Version 12.00
# Visual Studio Version 17
VisualStudioVersion = 17.5.33209.295
MinimumVisualStudioVersion = 10.0.40219.1
Project("{9A19103F-16F7-4668-BE54-9A1E7A4F7556}") = "NP.Grpc.RelayServerRunner", "NP.Grpc.RelayServerRunner.csproj", "{42C50CC8-4CDC-42CE-98EA-94CD3300EDE9}"
EndProject
Project("{9A19103F-16F7-4668-BE54-9A1E7A4F7556}") = "NP.Grpc.RelayServerConfig", "..\NP.Grpc.RelayServerConfig\NP.Grpc.RelayServerConfig.csproj", "{EBB93C90-0DF8-4095-B462-0A1717F54E89}"
EndProject
Project("{9A19103F-16F7-4668-BE54-9A1E7A4F7556}") = "NP.Grpc.ClientBuilder", "..\NP.Grpc.ClientBuilder\NP.Grpc.ClientBuilder.csproj", "{212D0845-0A72-4711-9EEE-3325473CBC00}"
EndProject
Project("{2150E333-8FDC-42A3-9474-1A3956D46DE8}") = "Topics", "Topics", "{71EFAAB9-8D34-4AE1-8166-4A8F1458A58B}"
EndProject
Project("{2150E333-8FDC-42A3-9474-1A3956D46DE8}") = "Person", "Person", "{87C3660E-C901-4EB7-9D9A-D035745D477F}"
EndProject
Project("{9A19103F-16F7-4668-BE54-9A1E7A4F7556}") = "PersonData", "..\Topics\Person\PersonData\PersonData.csproj", "{88394655-7E67-4CD8-8364-9537FD30A046}"
EndProject
Project("{9A19103F-16F7-4668-BE54-9A1E7A4F7556}") = "PersonProtos", "..\Topics\Person\PersonProtos\PersonProtos.csproj", "{C6614BE0-D430-4AF7-8178-3AD4EC75C596}"
EndProject
Project("{FAE04EC0-301F-11D3-BF4B-00C04F79EFBC}") = "PublishPersonClient", "..\Topics\Person\PublishPersonClient\PublishPersonClient.csproj", "{7561008B-A08E-48B1-B5E1-A404967DDDCD}"
EndProject
Project("{9A19103F-16F7-4668-BE54-9A1E7A4F7556}") = "SubscribePersonClient", "..\Topics\Person\SubscribePersonClient\SubscribePersonClient.csproj", "{6FD57C69-29B3-4E3F-9C8E-2C77CFB6AFFF}"
EndProject
Global
	GlobalSection(SolutionConfigurationPlatforms) = preSolution
		Debug|Any CPU = Debug|Any CPU
		Release|Any CPU = Release|Any CPU
	EndGlobalSection
	GlobalSection(ProjectConfigurationPlatforms) = postSolution
		{42C50CC8-4CDC-42CE-98EA-94CD3300EDE9}.Debug|Any CPU.ActiveCfg = Debug|Any CPU
		{42C50CC8-4CDC-42CE-98EA-94CD3300EDE9}.Debug|Any CPU.Build.0 = Debug|Any CPU
		{42C50CC8-4CDC-42CE-98EA-94CD3300EDE9}.Release|Any CPU.ActiveCfg = Release|Any CPU
		{42C50CC8-4CDC-42CE-98EA-94CD3300EDE9}.Release|Any CPU.Build.0 = Release|Any CPU
		{EBB93C90-0DF8-4095-B462-0A1717F54E89}.Debug|Any CPU.ActiveCfg = Debug|Any CPU
		{EBB93C90-0DF8-4095-B462-0A1717F54E89}.Debug|Any CPU.Build.0 = Debug|Any CPU
		{EBB93C90-0DF8-4095-B462-0A1717F54E89}.Release|Any CPU.ActiveCfg = Release|Any CPU
		{EBB93C90-0DF8-4095-B462-0A1717F54E89}.Release|Any CPU.Build.0 = Release|Any CPU
		{212D0845-0A72-4711-9EEE-3325473CBC00}.Debug|Any CPU.ActiveCfg = Debug|Any CPU
		{212D0845-0A72-4711-9EEE-3325473CBC00}.Debug|Any CPU.Build.0 = Debug|Any CPU
		{212D0845-0A72-4711-9EEE-3325473CBC00}.Release|Any CPU.ActiveCfg = Release|Any CPU
		{212D0845-0A72-4711-9EEE-3325473CBC00}.Release|Any CPU.Build.0 = Release|Any CPU
		{88394655-7E67-4CD8-8364-9537FD30A046}.Debug|Any CPU.ActiveCfg = Debug|Any CPU
		{88394655-7E67-4CD8-8364-9537FD30A046}.Debug|Any CPU.Build.0 = Debug|Any CPU
		{88394655-7E67-4CD8-8364-9537FD30A046}.Release|Any CPU.ActiveCfg = Release|Any CPU
		{88394655-7E67-4CD8-8364-9537FD30A046}.Release|Any CPU.Build.0 = Release|Any CPU
		{C6614BE0-D430-4AF7-8178-3AD4EC75C596}.Debug|Any CPU.ActiveCfg = Debug|Any CPU
		{C6614BE0-D430-4AF7-8178-3AD4EC75C596}.Debug|Any CPU.Build.0 = Debug|Any CPU
		{C6614BE0-D430-4AF7-8178-3AD4EC75C596}.Release|Any CPU.ActiveCfg = Release|Any CPU
		{C6614BE0-D430-4AF7-8178-3AD4EC75C596}.Release|Any CPU.Build.0 = Release|Any CPU
		{7561008B-A08E-48B1-B5E1-A404967DDDCD}.Debug|Any CPU.ActiveCfg = Debug|Any CPU
		{7561008B-A08E-48B1-B5E1-A404967DDDCD}.Debug|Any CPU.Build.0 = Debug|Any CPU
		{7561008B-A08E-48B1-B5E1-A404967DDDCD}.Release|Any CPU.ActiveCfg = Release|Any CPU
		{7561008B-A08E-48B1-B5E1-A404967DDDCD}.Release|Any CPU.Build.0 = Release|Any CPU
		{6FD57C69-29B3-4E3F-9C8E-2C77CFB6AFFF}.Debug|Any CPU.ActiveCfg = Debug|Any CPU
		{6FD57C69-29B3-4E3F-9C8E-2C77CFB6AFFF}.Debug|Any CPU.Build.0 = Debug|Any CPU
		{6FD57C69-29B3-4E3F-9C8E-2C77CFB6AFFF}.Release|Any CPU.ActiveCfg = Release|Any CPU
		{6FD57C69-29B3-4E3F-9C8E-2C77CFB6AFFF}.Release|Any CPU.Build.0 = Release|Any CPU
	EndGlobalSection
	GlobalSection(SolutionProperties) = preSolution
		HideSolutionNode = FALSE
	EndGlobalSection
	GlobalSection(NestedProjects) = preSolution
		{87C3660E-C901-4EB7-9D9A-D035745D477F} = {71EFAAB9-8D34-4AE1-8166-4A8F1458A58B}
		{88394655-7E67-4CD8-8364-9537FD30A046} = {87C3660E-C901-4EB7-9D9A-D035745D477F}
		{C6614BE0-D430-4AF7-8178-3AD4EC75C596} = {87C3660E-C901-4EB7-9D9A-D035745D477F}
		{7561008B-A08E-48B1-B5E1-A404967DDDCD} = {87C3660E-C901-4EB7-9D9A-D035745D477F}
		{6FD57C69-29B3-4E3F-9C8E-2C77CFB6AFFF} = {87C3660E-C901-4EB7-9D9A-D035745D477F}
	EndGlobalSection
	GlobalSection(ExtensibilityGlobals) = postSolution
		SolutionGuid = {EA6299C4-AAC0-4D49-8163-1ED0EB1E484D}
	EndGlobalSection
EndGlobal
