
Microsoft Visual Studio Solution File, Format Version 12.00
# Visual Studio Version 17
VisualStudioVersion = 17.5.33209.295
MinimumVisualStudioVersion = 10.0.40219.1
Project("{9A19103F-16F7-4668-BE54-9A1E7A4F7556}") = "PluginsConsumer", "PluginsConsumer.csproj", "{8808926B-B40C-4FF9-AE56-54828B072FB4}"
EndProject
Project("{9A19103F-16F7-4668-BE54-9A1E7A4F7556}") = "NP.PackagePluginsTest.PluginInterfaces", "..\PluginInterfaces\NP.PackagePluginsTest.PluginInterfaces.csproj", "{49B36BBD-C03C-487A-B825-86B3914552E5}"
EndProject
Global
	GlobalSection(SolutionConfigurationPlatforms) = preSolution
		Debug|Any CPU = Debug|Any CPU
		Release|Any CPU = Release|Any CPU
	EndGlobalSection
	GlobalSection(ProjectConfigurationPlatforms) = postSolution
		{8808926B-B40C-4FF9-AE56-54828B072FB4}.Debug|Any CPU.ActiveCfg = Debug|Any CPU
		{8808926B-B40C-4FF9-AE56-54828B072FB4}.Debug|Any CPU.Build.0 = Debug|Any CPU
		{8808926B-B40C-4FF9-AE56-54828B072FB4}.Release|Any CPU.ActiveCfg = Release|Any CPU
		{8808926B-B40C-4FF9-AE56-54828B072FB4}.Release|Any CPU.Build.0 = Release|Any CPU
		{49B36BBD-C03C-487A-B825-86B3914552E5}.Debug|Any CPU.ActiveCfg = Debug|Any CPU
		{49B36BBD-C03C-487A-B825-86B3914552E5}.Debug|Any CPU.Build.0 = Debug|Any CPU
		{49B36BBD-C03C-487A-B825-86B3914552E5}.Release|Any CPU.ActiveCfg = Release|Any CPU
		{49B36BBD-C03C-487A-B825-86B3914552E5}.Release|Any CPU.Build.0 = Release|Any CPU
	EndGlobalSection
	GlobalSection(SolutionProperties) = preSolution
		HideSolutionNode = FALSE
	EndGlobalSection
	GlobalSection(ExtensibilityGlobals) = postSolution
		SolutionGuid = {142D641C-2231-4596-9573-ED84C05A2AE6}
	EndGlobalSection
EndGlobal
