
Microsoft Visual Studio Solution File, Format Version 12.00
# Visual Studio Version 17
VisualStudioVersion = 17.4.33020.496
MinimumVisualStudioVersion = 10.0.40219.1
Project("{FAE04EC0-301F-11D3-BF4B-00C04F79EFBC}") = "NP.Samples.IoCyTests", "NP.Samples.IoCyTests.csproj", "{26E7E784-98F2-4A86-A0F2-D66DCECE9859}"
EndProject
Project("{9A19103F-16F7-4668-BE54-9A1E7A4F7556}") = "NP.Samples.Interfaces", "..\Interfaces\NP.Samples.Interfaces.csproj", "{7D10CE5B-C73C-4C8D-B299-095884DA3EEF}"
EndProject
Project("{9A19103F-16F7-4668-BE54-9A1E7A4F7556}") = "NP.Samples.Implementations", "..\Implementations\NP.Samples.Implementations.csproj", "{049FE663-073F-4E39-9C5A-9B0BC3036247}"
EndProject
Global
	GlobalSection(SolutionConfigurationPlatforms) = preSolution
		Debug|Any CPU = Debug|Any CPU
		Release|Any CPU = Release|Any CPU
	EndGlobalSection
	GlobalSection(ProjectConfigurationPlatforms) = postSolution
		{26E7E784-98F2-4A86-A0F2-D66DCECE9859}.Debug|Any CPU.ActiveCfg = Debug|Any CPU
		{26E7E784-98F2-4A86-A0F2-D66DCECE9859}.Debug|Any CPU.Build.0 = Debug|Any CPU
		{26E7E784-98F2-4A86-A0F2-D66DCECE9859}.Release|Any CPU.ActiveCfg = Release|Any CPU
		{26E7E784-98F2-4A86-A0F2-D66DCECE9859}.Release|Any CPU.Build.0 = Release|Any CPU
		{7D10CE5B-C73C-4C8D-B299-095884DA3EEF}.Debug|Any CPU.ActiveCfg = Debug|Any CPU
		{7D10CE5B-C73C-4C8D-B299-095884DA3EEF}.Debug|Any CPU.Build.0 = Debug|Any CPU
		{7D10CE5B-C73C-4C8D-B299-095884DA3EEF}.Release|Any CPU.ActiveCfg = Release|Any CPU
		{7D10CE5B-C73C-4C8D-B299-095884DA3EEF}.Release|Any CPU.Build.0 = Release|Any CPU
		{049FE663-073F-4E39-9C5A-9B0BC3036247}.Debug|Any CPU.ActiveCfg = Debug|Any CPU
		{049FE663-073F-4E39-9C5A-9B0BC3036247}.Debug|Any CPU.Build.0 = Debug|Any CPU
		{049FE663-073F-4E39-9C5A-9B0BC3036247}.Release|Any CPU.ActiveCfg = Release|Any CPU
		{049FE663-073F-4E39-9C5A-9B0BC3036247}.Release|Any CPU.Build.0 = Release|Any CPU
	EndGlobalSection
	GlobalSection(SolutionProperties) = preSolution
		HideSolutionNode = FALSE
	EndGlobalSection
	GlobalSection(ExtensibilityGlobals) = postSolution
		SolutionGuid = {75FD8E4C-3BAE-4E5D-A60D-5D656DA32EE5}
	EndGlobalSection
EndGlobal
