
Microsoft Visual Studio Solution File, Format Version 12.00
# Visual Studio Version 17
VisualStudioVersion = 17.3.32929.385
MinimumVisualStudioVersion = 10.0.40219.1
Project("{FAE04EC0-301F-11D3-BF4B-00C04F79EFBC}") = "NP.Samples.Expressions.SimpleExpressionsExamples", "NP.Samples.Expressions.SimpleExpressionsExamples.csproj", "{0FF3D2AE-C125-416F-B35A-67C19AAB2525}"
EndProject
Global
	GlobalSection(SolutionConfigurationPlatforms) = preSolution
		Debug|Any CPU = Debug|Any CPU
		Release|Any CPU = Release|Any CPU
	EndGlobalSection
	GlobalSection(ProjectConfigurationPlatforms) = postSolution
		{0FF3D2AE-C125-416F-B35A-67C19AAB2525}.Debug|Any CPU.ActiveCfg = Debug|Any CPU
		{0FF3D2AE-C125-416F-B35A-67C19AAB2525}.Debug|Any CPU.Build.0 = Debug|Any CPU
		{0FF3D2AE-C125-416F-B35A-67C19AAB2525}.Release|Any CPU.ActiveCfg = Release|Any CPU
		{0FF3D2AE-C125-416F-B35A-67C19AAB2525}.Release|Any CPU.Build.0 = Release|Any CPU
	EndGlobalSection
	GlobalSection(SolutionProperties) = preSolution
		HideSolutionNode = FALSE
	EndGlobalSection
	GlobalSection(ExtensibilityGlobals) = postSolution
		SolutionGuid = {0434CA53-5449-49F8-A433-FADCB08EF0F2}
	EndGlobalSection
EndGlobal
