
Microsoft Visual Studio Solution File, Format Version 12.00
# Visual Studio Version 17
VisualStudioVersion = 17.5.33209.295
MinimumVisualStudioVersion = 10.0.40219.1
Project("{9A19103F-16F7-4668-BE54-9A1E7A4F7556}") = "SimpleGrpcServer", "SimpleGrpcServer.csproj", "{7A9186C1-1F5F-4BDF-84C8-0132B40FD2F0}"
EndProject
Project("{9A19103F-16F7-4668-BE54-9A1E7A4F7556}") = "SimpleGrpcClient", "..\SimpleGrpcClient\SimpleGrpcClient.csproj", "{1C5C9C4B-3BFA-4142-9065-9E1FBFE3C367}"
EndProject
Project("{9A19103F-16F7-4668-BE54-9A1E7A4F7556}") = "Protos", "..\Protos\Protos.csproj", "{E330BA0F-EA72-431C-B83A-5C86542B66BC}"
EndProject
Project("{9092AA53-FB77-4645-B42D-1CCCA6BD08BD}") = "SimpleNodeJSClientGrpc", "..\SimpleNodeJSClient\SimpleNodeJSClientGrpc.njsproj", "{7318836C-5AAD-440B-8114-98AD4A10C583}"
EndProject
Project("{888888A0-9F3D-457C-B088-3A5042F75D52}") = "SimplePythonGrpcClient", "..\SimplePythonGrpcClient\SimplePythonGrpcClient.pyproj", "{4A1A5A64-21F3-408E-AA51-5D6A7A42E01C}"
EndProject
Global
	GlobalSection(SolutionConfigurationPlatforms) = preSolution
		Debug|Any CPU = Debug|Any CPU
		Release|Any CPU = Release|Any CPU
	EndGlobalSection
	GlobalSection(ProjectConfigurationPlatforms) = postSolution
		{7A9186C1-1F5F-4BDF-84C8-0132B40FD2F0}.Debug|Any CPU.ActiveCfg = Debug|Any CPU
		{7A9186C1-1F5F-4BDF-84C8-0132B40FD2F0}.Debug|Any CPU.Build.0 = Debug|Any CPU
		{7A9186C1-1F5F-4BDF-84C8-0132B40FD2F0}.Release|Any CPU.ActiveCfg = Release|Any CPU
		{7A9186C1-1F5F-4BDF-84C8-0132B40FD2F0}.Release|Any CPU.Build.0 = Release|Any CPU
		{1C5C9C4B-3BFA-4142-9065-9E1FBFE3C367}.Debug|Any CPU.ActiveCfg = Debug|Any CPU
		{1C5C9C4B-3BFA-4142-9065-9E1FBFE3C367}.Debug|Any CPU.Build.0 = Debug|Any CPU
		{1C5C9C4B-3BFA-4142-9065-9E1FBFE3C367}.Release|Any CPU.ActiveCfg = Release|Any CPU
		{1C5C9C4B-3BFA-4142-9065-9E1FBFE3C367}.Release|Any CPU.Build.0 = Release|Any CPU
		{E330BA0F-EA72-431C-B83A-5C86542B66BC}.Debug|Any CPU.ActiveCfg = Debug|Any CPU
		{E330BA0F-EA72-431C-B83A-5C86542B66BC}.Debug|Any CPU.Build.0 = Debug|Any CPU
		{E330BA0F-EA72-431C-B83A-5C86542B66BC}.Release|Any CPU.ActiveCfg = Release|Any CPU
		{E330BA0F-EA72-431C-B83A-5C86542B66BC}.Release|Any CPU.Build.0 = Release|Any CPU
		{7318836C-5AAD-440B-8114-98AD4A10C583}.Debug|Any CPU.ActiveCfg = Debug|Any CPU
		{7318836C-5AAD-440B-8114-98AD4A10C583}.Debug|Any CPU.Build.0 = Debug|Any CPU
		{7318836C-5AAD-440B-8114-98AD4A10C583}.Release|Any CPU.ActiveCfg = Release|Any CPU
		{7318836C-5AAD-440B-8114-98AD4A10C583}.Release|Any CPU.Build.0 = Release|Any CPU
		{4A1A5A64-21F3-408E-AA51-5D6A7A42E01C}.Debug|Any CPU.ActiveCfg = Debug|Any CPU
		{4A1A5A64-21F3-408E-AA51-5D6A7A42E01C}.Release|Any CPU.ActiveCfg = Release|Any CPU
	EndGlobalSection
	GlobalSection(SolutionProperties) = preSolution
		HideSolutionNode = FALSE
	EndGlobalSection
	GlobalSection(ExtensibilityGlobals) = postSolution
		SolutionGuid = {458C50FC-40F0-49B6-8E73-C60AF04CEDEF}
	EndGlobalSection
EndGlobal
