
Microsoft Visual Studio Solution File, Format Version 12.00
# Visual Studio Version 17
VisualStudioVersion = 17.3.32929.385
MinimumVisualStudioVersion = 10.0.40219.1
Project("{FAE04EC0-301F-11D3-BF4B-00C04F79EFBC}") = "NP.Samples.Expressions.BlockExpressionsExamples", "NP.Samples.Expressions.BlockExpressionsExamples.csproj", "{F1591160-6D64-45C9-A9EF-E171D537337F}"
EndProject
Global
	GlobalSection(SolutionConfigurationPlatforms) = preSolution
		Debug|Any CPU = Debug|Any CPU
		Release|Any CPU = Release|Any CPU
	EndGlobalSection
	GlobalSection(ProjectConfigurationPlatforms) = postSolution
		{F1591160-6D64-45C9-A9EF-E171D537337F}.Debug|Any CPU.ActiveCfg = Debug|Any CPU
		{F1591160-6D64-45C9-A9EF-E171D537337F}.Debug|Any CPU.Build.0 = Debug|Any CPU
		{F1591160-6D64-45C9-A9EF-E171D537337F}.Release|Any CPU.ActiveCfg = Release|Any CPU
		{F1591160-6D64-45C9-A9EF-E171D537337F}.Release|Any CPU.Build.0 = Release|Any CPU
	EndGlobalSection
	GlobalSection(SolutionProperties) = preSolution
		HideSolutionNode = FALSE
	EndGlobalSection
	GlobalSection(ExtensibilityGlobals) = postSolution
		SolutionGuid = {A51255E9-36EC-43CD-AE9D-AC222DF40F47}
	EndGlobalSection
EndGlobal
