
Microsoft Visual Studio Solution File, Format Version 12.00
# Visual Studio Version 17
VisualStudioVersion = 17.9.34728.123
MinimumVisualStudioVersion = 10.0.40219.1
Project("{9A19103F-16F7-4668-BE54-9A1E7A4F7556}") = "GrpcServerProcess", "GrpcServerProcess\GrpcServerProcess.csproj", "{1B9E5959-C0E1-47BC-B5F2-072CBD0D0E00}"
EndProject
Project("{9A19103F-16F7-4668-BE54-9A1E7A4F7556}") = "Protos", "Protos\Protos.csproj", "{E99C7D92-CC04-43A8-A471-DA3054B6205B}"
EndProject
Project("{9A19103F-16F7-4668-BE54-9A1E7A4F7556}") = "ConsoleTestClient", "ConsoleTestClient\ConsoleTestClient.csproj", "{35DFDD1F-25DA-4F25-A013-07E0CB18450F}"
EndProject
Project("{FAE04EC0-301F-11D3-BF4B-00C04F79EFBC}") = "GreeterImpl", "GreeterImpl\GreeterImpl.csproj", "{DEACFF2B-C9B8-4D22-AB0C-A652DFCEEC66}"
EndProject
Project("{FAE04EC0-301F-11D3-BF4B-00C04F79EFBC}") = "AspGrpcServer", "AspGrpcServer\AspGrpcServer.csproj", "{D93A6D1B-752D-439A-96AE-3CEC155B12AD}"
EndProject
Project("{2150E333-8FDC-42A3-9474-1A3956D46DE8}") = "AvaloniaClients", "AvaloniaClients", "{B67080F7-A9C1-43C6-8CFF-F804726EDC4B}"
EndProject
Project("{9A19103F-16F7-4668-BE54-9A1E7A4F7556}") = "AvaGrpcClient", "AvaGrpcClient\AvaGrpcClient\AvaGrpcClient.csproj", "{9238BECC-55CB-4F0F-82E0-2E053A096076}"
EndProject
Project("{9A19103F-16F7-4668-BE54-9A1E7A4F7556}") = "AvaGrpcClient.Browser", "AvaGrpcClient\AvaGrpcClient.Browser\AvaGrpcClient.Browser.csproj", "{23D6BC66-1CC8-462B-82DF-AD0C5E19C5C0}"
EndProject
Project("{9A19103F-16F7-4668-BE54-9A1E7A4F7556}") = "AvaGrpcClient.Desktop", "AvaGrpcClient\AvaGrpcClient.Desktop\AvaGrpcClient.Desktop.csproj", "{80CB5362-7F04-4B21-953C-9FB935AD2E52}"
EndProject
Project("{FAE04EC0-301F-11D3-BF4B-00C04F79EFBC}") = "AspGrpcServerAndHtmlClient", "AspGrpcServerAndHtmlClient\AspGrpcServerAndHtmlClient.csproj", "{4B1CAEF5-89CB-45B7-BE55-04030F84387C}"
EndProject
Global
	GlobalSection(SolutionConfigurationPlatforms) = preSolution
		Debug|Any CPU = Debug|Any CPU
		Release|Any CPU = Release|Any CPU
	EndGlobalSection
	GlobalSection(ProjectConfigurationPlatforms) = postSolution
		{1B9E5959-C0E1-47BC-B5F2-072CBD0D0E00}.Debug|Any CPU.ActiveCfg = Debug|Any CPU
		{1B9E5959-C0E1-47BC-B5F2-072CBD0D0E00}.Debug|Any CPU.Build.0 = Debug|Any CPU
		{1B9E5959-C0E1-47BC-B5F2-072CBD0D0E00}.Release|Any CPU.ActiveCfg = Release|Any CPU
		{1B9E5959-C0E1-47BC-B5F2-072CBD0D0E00}.Release|Any CPU.Build.0 = Release|Any CPU
		{E99C7D92-CC04-43A8-A471-DA3054B6205B}.Debug|Any CPU.ActiveCfg = Debug|Any CPU
		{E99C7D92-CC04-43A8-A471-DA3054B6205B}.Debug|Any CPU.Build.0 = Debug|Any CPU
		{E99C7D92-CC04-43A8-A471-DA3054B6205B}.Release|Any CPU.ActiveCfg = Release|Any CPU
		{E99C7D92-CC04-43A8-A471-DA3054B6205B}.Release|Any CPU.Build.0 = Release|Any CPU
		{35DFDD1F-25DA-4F25-A013-07E0CB18450F}.Debug|Any CPU.ActiveCfg = Debug|Any CPU
		{35DFDD1F-25DA-4F25-A013-07E0CB18450F}.Debug|Any CPU.Build.0 = Debug|Any CPU
		{35DFDD1F-25DA-4F25-A013-07E0CB18450F}.Release|Any CPU.ActiveCfg = Release|Any CPU
		{35DFDD1F-25DA-4F25-A013-07E0CB18450F}.Release|Any CPU.Build.0 = Release|Any CPU
		{DEACFF2B-C9B8-4D22-AB0C-A652DFCEEC66}.Debug|Any CPU.ActiveCfg = Debug|Any CPU
		{DEACFF2B-C9B8-4D22-AB0C-A652DFCEEC66}.Debug|Any CPU.Build.0 = Debug|Any CPU
		{DEACFF2B-C9B8-4D22-AB0C-A652DFCEEC66}.Release|Any CPU.ActiveCfg = Release|Any CPU
		{DEACFF2B-C9B8-4D22-AB0C-A652DFCEEC66}.Release|Any CPU.Build.0 = Release|Any CPU
		{D93A6D1B-752D-439A-96AE-3CEC155B12AD}.Debug|Any CPU.ActiveCfg = Debug|Any CPU
		{D93A6D1B-752D-439A-96AE-3CEC155B12AD}.Debug|Any CPU.Build.0 = Debug|Any CPU
		{D93A6D1B-752D-439A-96AE-3CEC155B12AD}.Release|Any CPU.ActiveCfg = Release|Any CPU
		{D93A6D1B-752D-439A-96AE-3CEC155B12AD}.Release|Any CPU.Build.0 = Release|Any CPU
		{9238BECC-55CB-4F0F-82E0-2E053A096076}.Debug|Any CPU.ActiveCfg = Debug|Any CPU
		{9238BECC-55CB-4F0F-82E0-2E053A096076}.Debug|Any CPU.Build.0 = Debug|Any CPU
		{9238BECC-55CB-4F0F-82E0-2E053A096076}.Release|Any CPU.ActiveCfg = Release|Any CPU
		{9238BECC-55CB-4F0F-82E0-2E053A096076}.Release|Any CPU.Build.0 = Release|Any CPU
		{23D6BC66-1CC8-462B-82DF-AD0C5E19C5C0}.Debug|Any CPU.ActiveCfg = Debug|Any CPU
		{23D6BC66-1CC8-462B-82DF-AD0C5E19C5C0}.Debug|Any CPU.Build.0 = Debug|Any CPU
		{23D6BC66-1CC8-462B-82DF-AD0C5E19C5C0}.Release|Any CPU.ActiveCfg = Release|Any CPU
		{23D6BC66-1CC8-462B-82DF-AD0C5E19C5C0}.Release|Any CPU.Build.0 = Release|Any CPU
		{80CB5362-7F04-4B21-953C-9FB935AD2E52}.Debug|Any CPU.ActiveCfg = Debug|Any CPU
		{80CB5362-7F04-4B21-953C-9FB935AD2E52}.Debug|Any CPU.Build.0 = Debug|Any CPU
		{80CB5362-7F04-4B21-953C-9FB935AD2E52}.Release|Any CPU.ActiveCfg = Release|Any CPU
		{80CB5362-7F04-4B21-953C-9FB935AD2E52}.Release|Any CPU.Build.0 = Release|Any CPU
		{4B1CAEF5-89CB-45B7-BE55-04030F84387C}.Debug|Any CPU.ActiveCfg = Debug|Any CPU
		{4B1CAEF5-89CB-45B7-BE55-04030F84387C}.Debug|Any CPU.Build.0 = Debug|Any CPU
		{4B1CAEF5-89CB-45B7-BE55-04030F84387C}.Release|Any CPU.ActiveCfg = Release|Any CPU
		{4B1CAEF5-89CB-45B7-BE55-04030F84387C}.Release|Any CPU.Build.0 = Release|Any CPU
	EndGlobalSection
	GlobalSection(SolutionProperties) = preSolution
		HideSolutionNode = FALSE
	EndGlobalSection
	GlobalSection(NestedProjects) = preSolution
		{9238BECC-55CB-4F0F-82E0-2E053A096076} = {B67080F7-A9C1-43C6-8CFF-F804726EDC4B}
		{23D6BC66-1CC8-462B-82DF-AD0C5E19C5C0} = {B67080F7-A9C1-43C6-8CFF-F804726EDC4B}
		{80CB5362-7F04-4B21-953C-9FB935AD2E52} = {B67080F7-A9C1-43C6-8CFF-F804726EDC4B}
	EndGlobalSection
	GlobalSection(ExtensibilityGlobals) = postSolution
		SolutionGuid = {3034BE4A-3DE3-4C84-92BD-75EA4E634D06}
	EndGlobalSection
EndGlobal
